
Microsoft Visual Studio Solution File, Format Version 12.00
# Visual Studio Version 16
VisualStudioVersion = 16.0.29306.81
MinimumVisualStudioVersion = 10.0.40219.1
Project("{FAE04EC0-301F-11D3-BF4B-00C04F79EFBC}") = "Exercise1StopWatch", "Exercise1StopWatch.csproj", "{D83A5556-882F-47AA-A791-433558848E9D}"
EndProject
Global
	GlobalSection(SolutionConfigurationPlatforms) = preSolution
		Debug|Any CPU = Debug|Any CPU
		Release|Any CPU = Release|Any CPU
	EndGlobalSection
	GlobalSection(ProjectConfigurationPlatforms) = postSolution
		{D83A5556-882F-47AA-A791-433558848E9D}.Debug|Any CPU.ActiveCfg = Debug|Any CPU
		{D83A5556-882F-47AA-A791-433558848E9D}.Debug|Any CPU.Build.0 = Debug|Any CPU
		{D83A5556-882F-47AA-A791-433558848E9D}.Release|Any CPU.ActiveCfg = Release|Any CPU
		{D83A5556-882F-47AA-A791-433558848E9D}.Release|Any CPU.Build.0 = Release|Any CPU
	EndGlobalSection
	GlobalSection(SolutionProperties) = preSolution
		HideSolutionNode = FALSE
	EndGlobalSection
	GlobalSection(ExtensibilityGlobals) = postSolution
		SolutionGuid = {23D631D7-E03F-4F7C-9DBA-B37F018BDFDC}
	EndGlobalSection
EndGlobal
