
Microsoft Visual Studio Solution File, Format Version 12.00
# Visual Studio Version 16
VisualStudioVersion = 16.0.29503.13
MinimumVisualStudioVersion = 10.0.40219.1
Project("{FAE04EC0-301F-11D3-BF4B-00C04F79EFBC}") = "BattleShip", "BattleShip.csproj", "{64DFB3AC-340E-4242-8329-5DE208BBBF75}"
EndProject
Global
	GlobalSection(SolutionConfigurationPlatforms) = preSolution
		Debug|Any CPU = Debug|Any CPU
		Release|Any CPU = Release|Any CPU
	EndGlobalSection
	GlobalSection(ProjectConfigurationPlatforms) = postSolution
		{64DFB3AC-340E-4242-8329-5DE208BBBF75}.Debug|Any CPU.ActiveCfg = Debug|Any CPU
		{64DFB3AC-340E-4242-8329-5DE208BBBF75}.Debug|Any CPU.Build.0 = Debug|Any CPU
		{64DFB3AC-340E-4242-8329-5DE208BBBF75}.Release|Any CPU.ActiveCfg = Release|Any CPU
		{64DFB3AC-340E-4242-8329-5DE208BBBF75}.Release|Any CPU.Build.0 = Release|Any CPU
	EndGlobalSection
	GlobalSection(SolutionProperties) = preSolution
		HideSolutionNode = FALSE
	EndGlobalSection
	GlobalSection(ExtensibilityGlobals) = postSolution
		SolutionGuid = {EC7B2895-A912-4CE5-A9C9-467C36414E89}
	EndGlobalSection
EndGlobal
